# This file is automatically @generated by Poetry 1.8.4 and should not be changed by hand.

[[package]]
name = "cffi"
version = "1.17.1"
description = "Foreign Function Interface for Python calling C code."
optional = false
python-versions = ">=3.8"
files = [
    {file = "cffi-1.17.1-cp310-cp310-macosx_10_9_x86_64.whl", hash = "sha256:df8b1c11f177bc2313ec4b2d46baec87a5f3e71fc8b45dab2ee7cae86d9aba14"},
    {file = "cffi-1.17.1-cp310-cp310-macosx_11_0_arm64.whl", hash = "sha256:8f2cdc858323644ab277e9bb925ad72ae0e67f69e804f4898c070998d50b1a67"},
    {file = "cffi-1.17.1-cp310-cp310-manylinux_2_12_i686.manylinux2010_i686.manylinux_2_17_i686.manylinux2014_i686.whl", hash = "sha256:edae79245293e15384b51f88b00613ba9f7198016a5948b5dddf4917d4d26382"},
    {file = "cffi-1.17.1-cp310-cp310-manylinux_2_17_aarch64.manylinux2014_aarch64.whl", hash = "sha256:45398b671ac6d70e67da8e4224a065cec6a93541bb7aebe1b198a61b58c7b702"},
    {file = "cffi-1.17.1-cp310-cp310-manylinux_2_17_ppc64le.manylinux2014_ppc64le.whl", hash = "sha256:ad9413ccdeda48c5afdae7e4fa2192157e991ff761e7ab8fdd8926f40b160cc3"},
    {file = "cffi-1.17.1-cp310-cp310-manylinux_2_17_s390x.manylinux2014_s390x.whl", hash = "sha256:5da5719280082ac6bd9aa7becb3938dc9f9cbd57fac7d2871717b1feb0902ab6"},
    {file = "cffi-1.17.1-cp310-cp310-manylinux_2_17_x86_64.manylinux2014_x86_64.whl", hash = "sha256:2bb1a08b8008b281856e5971307cc386a8e9c5b625ac297e853d36da6efe9c17"},
    {file = "cffi-1.17.1-cp310-cp310-musllinux_1_1_aarch64.whl", hash = "sha256:045d61c734659cc045141be4bae381a41d89b741f795af1dd018bfb532fd0df8"},
    {file = "cffi-1.17.1-cp310-cp310-musllinux_1_1_i686.whl", hash = "sha256:6883e737d7d9e4899a8a695e00ec36bd4e5e4f18fabe0aca0efe0a4b44cdb13e"},
    {file = "cffi-1.17.1-cp310-cp310-musllinux_1_1_x86_64.whl", hash = "sha256:6b8b4a92e1c65048ff98cfe1f735ef8f1ceb72e3d5f0c25fdb12087a23da22be"},
    {file = "cffi-1.17.1-cp310-cp310-win32.whl", hash = "sha256:c9c3d058ebabb74db66e431095118094d06abf53284d9c81f27300d0e0d8bc7c"},
    {file = "cffi-1.17.1-cp310-cp310-win_amd64.whl", hash = "sha256:0f048dcf80db46f0098ccac01132761580d28e28bc0f78ae0d58048063317e15"},
    {file = "cffi-1.17.1-cp311-cp311-macosx_10_9_x86_64.whl", hash = "sha256:a45e3c6913c5b87b3ff120dcdc03f6131fa0065027d0ed7ee6190736a74cd401"},
    {file = "cffi-1.17.1-cp311-cp311-macosx_11_0_arm64.whl", hash = "sha256:30c5e0cb5ae493c04c8b42916e52ca38079f1b235c2f8ae5f4527b963c401caf"},
    {file = "cffi-1.17.1-cp311-cp311-manylinux_2_12_i686.manylinux2010_i686.manylinux_2_17_i686.manylinux2014_i686.whl", hash = "sha256:f75c7ab1f9e4aca5414ed4d8e5c0e303a34f4421f8a0d47a4d019ceff0ab6af4"},
    {file = "cffi-1.17.1-cp311-cp311-manylinux_2_17_aarch64.manylinux2014_aarch64.whl", hash = "sha256:a1ed2dd2972641495a3ec98445e09766f077aee98a1c896dcb4ad0d303628e41"},
    {file = "cffi-1.17.1-cp311-cp311-manylinux_2_17_ppc64le.manylinux2014_ppc64le.whl", hash = "sha256:46bf43160c1a35f7ec506d254e5c890f3c03648a4dbac12d624e4490a7046cd1"},
    {file = "cffi-1.17.1-cp311-cp311-manylinux_2_17_s390x.manylinux2014_s390x.whl", hash = "sha256:a24ed04c8ffd54b0729c07cee15a81d964e6fee0e3d4d342a27b020d22959dc6"},
    {file = "cffi-1.17.1-cp311-cp311-manylinux_2_17_x86_64.manylinux2014_x86_64.whl", hash = "sha256:610faea79c43e44c71e1ec53a554553fa22321b65fae24889706c0a84d4ad86d"},
    {file = "cffi-1.17.1-cp311-cp311-musllinux_1_1_aarch64.whl", hash = "sha256:a9b15d491f3ad5d692e11f6b71f7857e7835eb677955c00cc0aefcd0669adaf6"},
    {file = "cffi-1.17.1-cp311-cp311-musllinux_1_1_i686.whl", hash = "sha256:de2ea4b5833625383e464549fec1bc395c1bdeeb5f25c4a3a82b5a8c756ec22f"},
    {file = "cffi-1.17.1-cp311-cp311-musllinux_1_1_x86_64.whl", hash = "sha256:fc48c783f9c87e60831201f2cce7f3b2e4846bf4d8728eabe54d60700b318a0b"},
    {file = "cffi-1.17.1-cp311-cp311-win32.whl", hash = "sha256:85a950a4ac9c359340d5963966e3e0a94a676bd6245a4b55bc43949eee26a655"},
    {file = "cffi-1.17.1-cp311-cp311-win_amd64.whl", hash = "sha256:caaf0640ef5f5517f49bc275eca1406b0ffa6aa184892812030f04c2abf589a0"},
    {file = "cffi-1.17.1-cp312-cp312-macosx_10_9_x86_64.whl", hash = "sha256:805b4371bf7197c329fcb3ead37e710d1bca9da5d583f5073b799d5c5bd1eee4"},
    {file = "cffi-1.17.1-cp312-cp312-macosx_11_0_arm64.whl", hash = "sha256:733e99bc2df47476e3848417c5a4540522f234dfd4ef3ab7fafdf555b082ec0c"},
    {file = "cffi-1.17.1-cp312-cp312-manylinux_2_12_i686.manylinux2010_i686.manylinux_2_17_i686.manylinux2014_i686.whl", hash = "sha256:1257bdabf294dceb59f5e70c64a3e2f462c30c7ad68092d01bbbfb1c16b1ba36"},
    {file = "cffi-1.17.1-cp312-cp312-manylinux_2_17_aarch64.manylinux2014_aarch64.whl", hash = "sha256:da95af8214998d77a98cc14e3a3bd00aa191526343078b530ceb0bd710fb48a5"},
    {file = "cffi-1.17.1-cp312-cp312-manylinux_2_17_ppc64le.manylinux2014_ppc64le.whl", hash = "sha256:d63afe322132c194cf832bfec0dc69a99fb9bb6bbd550f161a49e9e855cc78ff"},
    {file = "cffi-1.17.1-cp312-cp312-manylinux_2_17_s390x.manylinux2014_s390x.whl", hash = "sha256:f79fc4fc25f1c8698ff97788206bb3c2598949bfe0fef03d299eb1b5356ada99"},
    {file = "cffi-1.17.1-cp312-cp312-manylinux_2_17_x86_64.manylinux2014_x86_64.whl", hash = "sha256:b62ce867176a75d03a665bad002af8e6d54644fad99a3c70905c543130e39d93"},
    {file = "cffi-1.17.1-cp312-cp312-musllinux_1_1_aarch64.whl", hash = "sha256:386c8bf53c502fff58903061338ce4f4950cbdcb23e2902d86c0f722b786bbe3"},
    {file = "cffi-1.17.1-cp312-cp312-musllinux_1_1_x86_64.whl", hash = "sha256:4ceb10419a9adf4460ea14cfd6bc43d08701f0835e979bf821052f1805850fe8"},
    {file = "cffi-1.17.1-cp312-cp312-win32.whl", hash = "sha256:a08d7e755f8ed21095a310a693525137cfe756ce62d066e53f502a83dc550f65"},
    {file = "cffi-1.17.1-cp312-cp312-win_amd64.whl", hash = "sha256:51392eae71afec0d0c8fb1a53b204dbb3bcabcb3c9b807eedf3e1e6ccf2de903"},
    {file = "cffi-1.17.1-cp313-cp313-macosx_10_13_x86_64.whl", hash = "sha256:f3a2b4222ce6b60e2e8b337bb9596923045681d71e5a082783484d845390938e"},
    {file = "cffi-1.17.1-cp313-cp313-macosx_11_0_arm64.whl", hash = "sha256:0984a4925a435b1da406122d4d7968dd861c1385afe3b45ba82b750f229811e2"},
    {file = "cffi-1.17.1-cp313-cp313-manylinux_2_12_i686.manylinux2010_i686.manylinux_2_17_i686.manylinux2014_i686.whl", hash = "sha256:d01b12eeeb4427d3110de311e1774046ad344f5b1a7403101878976ecd7a10f3"},
    {file = "cffi-1.17.1-cp313-cp313-manylinux_2_17_aarch64.manylinux2014_aarch64.whl", hash = "sha256:706510fe141c86a69c8ddc029c7910003a17353970cff3b904ff0686a5927683"},
    {file = "cffi-1.17.1-cp313-cp313-manylinux_2_17_ppc64le.manylinux2014_ppc64le.whl", hash = "sha256:de55b766c7aa2e2a3092c51e0483d700341182f08e67c63630d5b6f200bb28e5"},
    {file = "cffi-1.17.1-cp313-cp313-manylinux_2_17_s390x.manylinux2014_s390x.whl", hash = "sha256:c59d6e989d07460165cc5ad3c61f9fd8f1b4796eacbd81cee78957842b834af4"},
    {file = "cffi-1.17.1-cp313-cp313-manylinux_2_17_x86_64.manylinux2014_x86_64.whl", hash = "sha256:dd398dbc6773384a17fe0d3e7eeb8d1a21c2200473ee6806bb5e6a8e62bb73dd"},
    {file = "cffi-1.17.1-cp313-cp313-musllinux_1_1_aarch64.whl", hash = "sha256:3edc8d958eb099c634dace3c7e16560ae474aa3803a5df240542b305d14e14ed"},
    {file = "cffi-1.17.1-cp313-cp313-musllinux_1_1_x86_64.whl", hash = "sha256:72e72408cad3d5419375fc87d289076ee319835bdfa2caad331e377589aebba9"},
    {file = "cffi-1.17.1-cp313-cp313-win32.whl", hash = "sha256:e03eab0a8677fa80d646b5ddece1cbeaf556c313dcfac435ba11f107ba117b5d"},
    {file = "cffi-1.17.1-cp313-cp313-win_amd64.whl", hash = "sha256:f6a16c31041f09ead72d69f583767292f750d24913dadacf5756b966aacb3f1a"},
    {file = "cffi-1.17.1-cp38-cp38-macosx_10_9_x86_64.whl", hash = "sha256:636062ea65bd0195bc012fea9321aca499c0504409f413dc88af450b57ffd03b"},
    {file = "cffi-1.17.1-cp38-cp38-manylinux_2_12_i686.manylinux2010_i686.manylinux_2_17_i686.manylinux2014_i686.whl", hash = "sha256:c7eac2ef9b63c79431bc4b25f1cd649d7f061a28808cbc6c47b534bd789ef964"},
    {file = "cffi-1.17.1-cp38-cp38-manylinux_2_17_aarch64.manylinux2014_aarch64.whl", hash = "sha256:e221cf152cff04059d011ee126477f0d9588303eb57e88923578ace7baad17f9"},
    {file = "cffi-1.17.1-cp38-cp38-manylinux_2_17_ppc64le.manylinux2014_ppc64le.whl", hash = "sha256:31000ec67d4221a71bd3f67df918b1f88f676f1c3b535a7eb473255fdc0b83fc"},
    {file = "cffi-1.17.1-cp38-cp38-manylinux_2_17_s390x.manylinux2014_s390x.whl", hash = "sha256:6f17be4345073b0a7b8ea599688f692ac3ef23ce28e5df79c04de519dbc4912c"},
    {file = "cffi-1.17.1-cp38-cp38-manylinux_2_17_x86_64.manylinux2014_x86_64.whl", hash = "sha256:0e2b1fac190ae3ebfe37b979cc1ce69c81f4e4fe5746bb401dca63a9062cdaf1"},
    {file = "cffi-1.17.1-cp38-cp38-win32.whl", hash = "sha256:7596d6620d3fa590f677e9ee430df2958d2d6d6de2feeae5b20e82c00b76fbf8"},
    {file = "cffi-1.17.1-cp38-cp38-win_amd64.whl", hash = "sha256:78122be759c3f8a014ce010908ae03364d00a1f81ab5c7f4a7a5120607ea56e1"},
    {file = "cffi-1.17.1-cp39-cp39-macosx_10_9_x86_64.whl", hash = "sha256:b2ab587605f4ba0bf81dc0cb08a41bd1c0a5906bd59243d56bad7668a6fc6c16"},
    {file = "cffi-1.17.1-cp39-cp39-macosx_11_0_arm64.whl", hash = "sha256:28b16024becceed8c6dfbc75629e27788d8a3f9030691a1dbf9821a128b22c36"},
    {file = "cffi-1.17.1-cp39-cp39-manylinux_2_12_i686.manylinux2010_i686.manylinux_2_17_i686.manylinux2014_i686.whl", hash = "sha256:1d599671f396c4723d016dbddb72fe8e0397082b0a77a4fab8028923bec050e8"},
    {file = "cffi-1.17.1-cp39-cp39-manylinux_2_17_aarch64.manylinux2014_aarch64.whl", hash = "sha256:ca74b8dbe6e8e8263c0ffd60277de77dcee6c837a3d0881d8c1ead7268c9e576"},
    {file = "cffi-1.17.1-cp39-cp39-manylinux_2_17_ppc64le.manylinux2014_ppc64le.whl", hash = "sha256:f7f5baafcc48261359e14bcd6d9bff6d4b28d9103847c9e136694cb0501aef87"},
    {file = "cffi-1.17.1-cp39-cp39-manylinux_2_17_s390x.manylinux2014_s390x.whl", hash = "sha256:98e3969bcff97cae1b2def8ba499ea3d6f31ddfdb7635374834cf89a1a08ecf0"},
    {file = "cffi-1.17.1-cp39-cp39-manylinux_2_17_x86_64.manylinux2014_x86_64.whl", hash = "sha256:cdf5ce3acdfd1661132f2a9c19cac174758dc2352bfe37d98aa7512c6b7178b3"},
    {file = "cffi-1.17.1-cp39-cp39-musllinux_1_1_aarch64.whl", hash = "sha256:9755e4345d1ec879e3849e62222a18c7174d65a6a92d5b346b1863912168b595"},
    {file = "cffi-1.17.1-cp39-cp39-musllinux_1_1_i686.whl", hash = "sha256:f1e22e8c4419538cb197e4dd60acc919d7696e5ef98ee4da4e01d3f8cfa4cc5a"},
    {file = "cffi-1.17.1-cp39-cp39-musllinux_1_1_x86_64.whl", hash = "sha256:c03e868a0b3bc35839ba98e74211ed2b05d2119be4e8a0f224fba9384f1fe02e"},
    {file = "cffi-1.17.1-cp39-cp39-win32.whl", hash = "sha256:e31ae45bc2e29f6b2abd0de1cc3b9d5205aa847cafaecb8af1476a609a2f6eb7"},
    {file = "cffi-1.17.1-cp39-cp39-win_amd64.whl", hash = "sha256:d016c76bdd850f3c626af19b0542c9677ba156e4ee4fccfdd7848803533ef662"},
    {file = "cffi-1.17.1.tar.gz", hash = "sha256:1c39c6016c32bc48dd54561950ebd6836e1670f2ae46128f67cf49e789c52824"},
]

[package.dependencies]
pycparser = "*"

[[package]]
name = "cryptography"
version = "43.0.3"
description = "cryptography is a package which provides cryptographic recipes and primitives to Python developers."
optional = false
python-versions = ">=3.7"
files = [
    {file = "cryptography-43.0.3-cp37-abi3-macosx_10_9_universal2.whl", hash = "sha256:bf7a1932ac4176486eab36a19ed4c0492da5d97123f1406cf15e41b05e787d2e"},
    {file = "cryptography-43.0.3-cp37-abi3-manylinux_2_17_aarch64.manylinux2014_aarch64.whl", hash = "sha256:63efa177ff54aec6e1c0aefaa1a241232dcd37413835a9b674b6e3f0ae2bfd3e"},
    {file = "cryptography-43.0.3-cp37-abi3-manylinux_2_17_x86_64.manylinux2014_x86_64.whl", hash = "sha256:7e1ce50266f4f70bf41a2c6dc4358afadae90e2a1e5342d3c08883df1675374f"},
    {file = "cryptography-43.0.3-cp37-abi3-manylinux_2_28_aarch64.whl", hash = "sha256:443c4a81bb10daed9a8f334365fe52542771f25aedaf889fd323a853ce7377d6"},
    {file = "cryptography-43.0.3-cp37-abi3-manylinux_2_28_x86_64.whl", hash = "sha256:74f57f24754fe349223792466a709f8e0c093205ff0dca557af51072ff47ab18"},
    {file = "cryptography-43.0.3-cp37-abi3-musllinux_1_2_aarch64.whl", hash = "sha256:9762ea51a8fc2a88b70cf2995e5675b38d93bf36bd67d91721c309df184f49bd"},
    {file = "cryptography-43.0.3-cp37-abi3-musllinux_1_2_x86_64.whl", hash = "sha256:81ef806b1fef6b06dcebad789f988d3b37ccaee225695cf3e07648eee0fc6b73"},
    {file = "cryptography-43.0.3-cp37-abi3-win32.whl", hash = "sha256:cbeb489927bd7af4aa98d4b261af9a5bc025bd87f0e3547e11584be9e9427be2"},
    {file = "cryptography-43.0.3-cp37-abi3-win_amd64.whl", hash = "sha256:f46304d6f0c6ab8e52770addfa2fc41e6629495548862279641972b6215451cd"},
    {file = "cryptography-43.0.3-cp39-abi3-macosx_10_9_universal2.whl", hash = "sha256:8ac43ae87929a5982f5948ceda07001ee5e83227fd69cf55b109144938d96984"},
    {file = "cryptography-43.0.3-cp39-abi3-manylinux_2_17_aarch64.manylinux2014_aarch64.whl", hash = "sha256:846da004a5804145a5f441b8530b4bf35afbf7da70f82409f151695b127213d5"},
    {file = "cryptography-43.0.3-cp39-abi3-manylinux_2_17_x86_64.manylinux2014_x86_64.whl", hash = "sha256:0f996e7268af62598f2fc1204afa98a3b5712313a55c4c9d434aef49cadc91d4"},
    {file = "cryptography-43.0.3-cp39-abi3-manylinux_2_28_aarch64.whl", hash = "sha256:f7b178f11ed3664fd0e995a47ed2b5ff0a12d893e41dd0494f406d1cf555cab7"},
    {file = "cryptography-43.0.3-cp39-abi3-manylinux_2_28_x86_64.whl", hash = "sha256:c2e6fc39c4ab499049df3bdf567f768a723a5e8464816e8f009f121a5a9f4405"},
    {file = "cryptography-43.0.3-cp39-abi3-musllinux_1_2_aarch64.whl", hash = "sha256:e1be4655c7ef6e1bbe6b5d0403526601323420bcf414598955968c9ef3eb7d16"},
    {file = "cryptography-43.0.3-cp39-abi3-musllinux_1_2_x86_64.whl", hash = "sha256:df6b6c6d742395dd77a23ea3728ab62f98379eff8fb61be2744d4679ab678f73"},
    {file = "cryptography-43.0.3-cp39-abi3-win32.whl", hash = "sha256:d56e96520b1020449bbace2b78b603442e7e378a9b3bd68de65c782db1507995"},
    {file = "cryptography-43.0.3-cp39-abi3-win_amd64.whl", hash = "sha256:0c580952eef9bf68c4747774cde7ec1d85a6e61de97281f2dba83c7d2c806362"},
    {file = "cryptography-43.0.3-pp310-pypy310_pp73-macosx_10_9_x86_64.whl", hash = "sha256:d03b5621a135bffecad2c73e9f4deb1a0f977b9a8ffe6f8e002bf6c9d07b918c"},
    {file = "cryptography-43.0.3-pp310-pypy310_pp73-manylinux_2_28_aarch64.whl", hash = "sha256:a2a431ee15799d6db9fe80c82b055bae5a752bef645bba795e8e52687c69efe3"},
    {file = "cryptography-43.0.3-pp310-pypy310_pp73-manylinux_2_28_x86_64.whl", hash = "sha256:281c945d0e28c92ca5e5930664c1cefd85efe80e5c0d2bc58dd63383fda29f83"},
    {file = "cryptography-43.0.3-pp310-pypy310_pp73-win_amd64.whl", hash = "sha256:f18c716be16bc1fea8e95def49edf46b82fccaa88587a45f8dc0ff6ab5d8e0a7"},
    {file = "cryptography-43.0.3-pp39-pypy39_pp73-macosx_10_9_x86_64.whl", hash = "sha256:4a02ded6cd4f0a5562a8887df8b3bd14e822a90f97ac5e544c162899bc467664"},
    {file = "cryptography-43.0.3-pp39-pypy39_pp73-manylinux_2_28_aarch64.whl", hash = "sha256:53a583b6637ab4c4e3591a15bc9db855b8d9dee9a669b550f311480acab6eb08"},
    {file = "cryptography-43.0.3-pp39-pypy39_pp73-manylinux_2_28_x86_64.whl", hash = "sha256:1ec0bcf7e17c0c5669d881b1cd38c4972fade441b27bda1051665faaa89bdcaa"},
    {file = "cryptography-43.0.3-pp39-pypy39_pp73-win_amd64.whl", hash = "sha256:2ce6fae5bdad59577b44e4dfed356944fbf1d925269114c28be377692643b4ff"},
    {file = "cryptography-43.0.3.tar.gz", hash = "sha256:315b9001266a492a6ff443b61238f956b214dbec9910a081ba5b6646a055a805"},
]

[package.dependencies]
cffi = {version = ">=1.12", markers = "platform_python_implementation != \"PyPy\""}

[package.extras]
docs = ["sphinx (>=5.3.0)", "sphinx-rtd-theme (>=1.1.1)"]
docstest = ["pyenchant (>=1.6.11)", "readme-renderer", "sphinxcontrib-spelling (>=4.0.1)"]
nox = ["nox"]
pep8test = ["check-sdist", "click", "mypy", "ruff"]
sdist = ["build"]
ssh = ["bcrypt (>=3.1.5)"]
test = ["certifi", "cryptography-vectors (==43.0.3)", "pretend", "pytest (>=6.2.0)", "pytest-benchmark", "pytest-cov", "pytest-xdist"]
test-randomorder = ["pytest-randomly"]

[[package]]
name = "merkly"
version = "1.0.2"
description = "🌳 The simple and easy implementation of Merkle Tree"
optional = false
python-versions = ">=3.8,<4.0"
files = [
    {file = "merkly-1.0.2-py3-none-any.whl", hash = "sha256:b6acae8a8d31f9ad1647c8b9cdaf73621151106d1dc3e0856423f23cbe386023"},
    {file = "merkly-1.0.2.tar.gz", hash = "sha256:d5711023141aa45ba6689430984686567a68ed04acd9e1cc7c602d0f37381817"},
]

[package.dependencies]
pycryptodome = ">=3.19.0,<4.0.0"
pydantic = ">=1.10.2,<2.0.0"

[[package]]
name = "pendulum"
version = "3.0.0"
description = "Python datetimes made easy"
optional = false
python-versions = ">=3.8"
files = [
    {file = "pendulum-3.0.0-cp310-cp310-macosx_10_12_x86_64.whl", hash = "sha256:2cf9e53ef11668e07f73190c805dbdf07a1939c3298b78d5a9203a86775d1bfd"},
    {file = "pendulum-3.0.0-cp310-cp310-macosx_11_0_arm64.whl", hash = "sha256:fb551b9b5e6059377889d2d878d940fd0bbb80ae4810543db18e6f77b02c5ef6"},
    {file = "pendulum-3.0.0-cp310-cp310-manylinux_2_17_aarch64.manylinux2014_aarch64.whl", hash = "sha256:6c58227ac260d5b01fc1025176d7b31858c9f62595737f350d22124a9a3ad82d"},
    {file = "pendulum-3.0.0-cp310-cp310-manylinux_2_17_ppc64le.manylinux2014_ppc64le.whl", hash = "sha256:60fb6f415fea93a11c52578eaa10594568a6716602be8430b167eb0d730f3332"},
    {file = "pendulum-3.0.0-cp310-cp310-manylinux_2_17_s390x.manylinux2014_s390x.whl", hash = "sha256:b69f6b4dbcb86f2c2fe696ba991e67347bcf87fe601362a1aba6431454b46bde"},
    {file = "pendulum-3.0.0-cp310-cp310-manylinux_2_17_x86_64.manylinux2014_x86_64.whl", hash = "sha256:138afa9c373ee450ede206db5a5e9004fd3011b3c6bbe1e57015395cd076a09f"},
    {file = "pendulum-3.0.0-cp310-cp310-musllinux_1_1_aarch64.whl", hash = "sha256:83d9031f39c6da9677164241fd0d37fbfc9dc8ade7043b5d6d62f56e81af8ad2"},
    {file = "pendulum-3.0.0-cp310-cp310-musllinux_1_1_x86_64.whl", hash = "sha256:0c2308af4033fa534f089595bcd40a95a39988ce4059ccd3dc6acb9ef14ca44a"},
    {file = "pendulum-3.0.0-cp310-none-win_amd64.whl", hash = "sha256:9a59637cdb8462bdf2dbcb9d389518c0263799189d773ad5c11db6b13064fa79"},
    {file = "pendulum-3.0.0-cp311-cp311-macosx_10_12_x86_64.whl", hash = "sha256:3725245c0352c95d6ca297193192020d1b0c0f83d5ee6bb09964edc2b5a2d508"},
    {file = "pendulum-3.0.0-cp311-cp311-macosx_11_0_arm64.whl", hash = "sha256:6c035f03a3e565ed132927e2c1b691de0dbf4eb53b02a5a3c5a97e1a64e17bec"},
    {file = "pendulum-3.0.0-cp311-cp311-manylinux_2_17_aarch64.manylinux2014_aarch64.whl", hash = "sha256:597e66e63cbd68dd6d58ac46cb7a92363d2088d37ccde2dae4332ef23e95cd00"},
    {file = "pendulum-3.0.0-cp311-cp311-manylinux_2_17_ppc64le.manylinux2014_ppc64le.whl", hash = "sha256:99a0f8172e19f3f0c0e4ace0ad1595134d5243cf75985dc2233e8f9e8de263ca"},
    {file = "pendulum-3.0.0-cp311-cp311-manylinux_2_17_s390x.manylinux2014_s390x.whl", hash = "sha256:77d8839e20f54706aed425bec82a83b4aec74db07f26acd039905d1237a5e1d4"},
    {file = "pendulum-3.0.0-cp311-cp311-manylinux_2_17_x86_64.manylinux2014_x86_64.whl", hash = "sha256:afde30e8146292b059020fbc8b6f8fd4a60ae7c5e6f0afef937bbb24880bdf01"},
    {file = "pendulum-3.0.0-cp311-cp311-musllinux_1_1_aarch64.whl", hash = "sha256:660434a6fcf6303c4efd36713ca9212c753140107ee169a3fc6c49c4711c2a05"},
    {file = "pendulum-3.0.0-cp311-cp311-musllinux_1_1_x86_64.whl", hash = "sha256:dee9e5a48c6999dc1106eb7eea3e3a50e98a50651b72c08a87ee2154e544b33e"},
    {file = "pendulum-3.0.0-cp311-none-win_amd64.whl", hash = "sha256:d4cdecde90aec2d67cebe4042fd2a87a4441cc02152ed7ed8fb3ebb110b94ec4"},
    {file = "pendulum-3.0.0-cp311-none-win_arm64.whl", hash = "sha256:773c3bc4ddda2dda9f1b9d51fe06762f9200f3293d75c4660c19b2614b991d83"},
    {file = "pendulum-3.0.0-cp312-cp312-macosx_10_12_x86_64.whl", hash = "sha256:409e64e41418c49f973d43a28afe5df1df4f1dd87c41c7c90f1a63f61ae0f1f7"},
    {file = "pendulum-3.0.0-cp312-cp312-macosx_11_0_arm64.whl", hash = "sha256:a38ad2121c5ec7c4c190c7334e789c3b4624798859156b138fcc4d92295835dc"},
    {file = "pendulum-3.0.0-cp312-cp312-manylinux_2_17_aarch64.manylinux2014_aarch64.whl", hash = "sha256:fde4d0b2024b9785f66b7f30ed59281bd60d63d9213cda0eb0910ead777f6d37"},
    {file = "pendulum-3.0.0-cp312-cp312-manylinux_2_17_ppc64le.manylinux2014_ppc64le.whl", hash = "sha256:4b2c5675769fb6d4c11238132962939b960fcb365436b6d623c5864287faa319"},
    {file = "pendulum-3.0.0-cp312-cp312-manylinux_2_17_s390x.manylinux2014_s390x.whl", hash = "sha256:8af95e03e066826f0f4c65811cbee1b3123d4a45a1c3a2b4fc23c4b0dff893b5"},
    {file = "pendulum-3.0.0-cp312-cp312-manylinux_2_17_x86_64.manylinux2014_x86_64.whl", hash = "sha256:2165a8f33cb15e06c67070b8afc87a62b85c5a273e3aaa6bc9d15c93a4920d6f"},
    {file = "pendulum-3.0.0-cp312-cp312-musllinux_1_1_aarch64.whl", hash = "sha256:ad5e65b874b5e56bd942546ea7ba9dd1d6a25121db1c517700f1c9de91b28518"},
    {file = "pendulum-3.0.0-cp312-cp312-musllinux_1_1_x86_64.whl", hash = "sha256:17fe4b2c844bbf5f0ece69cfd959fa02957c61317b2161763950d88fed8e13b9"},
    {file = "pendulum-3.0.0-cp312-none-win_amd64.whl", hash = "sha256:78f8f4e7efe5066aca24a7a57511b9c2119f5c2b5eb81c46ff9222ce11e0a7a5"},
    {file = "pendulum-3.0.0-cp312-none-win_arm64.whl", hash = "sha256:28f49d8d1e32aae9c284a90b6bb3873eee15ec6e1d9042edd611b22a94ac462f"},
    {file = "pendulum-3.0.0-cp37-cp37m-macosx_10_12_x86_64.whl", hash = "sha256:d4e2512f4e1a4670284a153b214db9719eb5d14ac55ada5b76cbdb8c5c00399d"},
    {file = "pendulum-3.0.0-cp37-cp37m-macosx_11_0_arm64.whl", hash = "sha256:3d897eb50883cc58d9b92f6405245f84b9286cd2de6e8694cb9ea5cb15195a32"},
    {file = "pendulum-3.0.0-cp37-cp37m-manylinux_2_17_aarch64.manylinux2014_aarch64.whl", hash = "sha256:2e169cc2ca419517f397811bbe4589cf3cd13fca6dc38bb352ba15ea90739ebb"},
    {file = "pendulum-3.0.0-cp37-cp37m-manylinux_2_17_ppc64le.manylinux2014_ppc64le.whl", hash = "sha256:f17c3084a4524ebefd9255513692f7e7360e23c8853dc6f10c64cc184e1217ab"},
    {file = "pendulum-3.0.0-cp37-cp37m-manylinux_2_17_s390x.manylinux2014_s390x.whl", hash = "sha256:826d6e258052715f64d05ae0fc9040c0151e6a87aae7c109ba9a0ed930ce4000"},
    {file = "pendulum-3.0.0-cp37-cp37m-manylinux_2_17_x86_64.manylinux2014_x86_64.whl", hash = "sha256:d2aae97087872ef152a0c40e06100b3665d8cb86b59bc8471ca7c26132fccd0f"},
    {file = "pendulum-3.0.0-cp37-cp37m-musllinux_1_1_aarch64.whl", hash = "sha256:ac65eeec2250d03106b5e81284ad47f0d417ca299a45e89ccc69e36130ca8bc7"},
    {file = "pendulum-3.0.0-cp37-cp37m-musllinux_1_1_x86_64.whl", hash = "sha256:a5346d08f3f4a6e9e672187faa179c7bf9227897081d7121866358af369f44f9"},
    {file = "pendulum-3.0.0-cp37-none-win_amd64.whl", hash = "sha256:235d64e87946d8f95c796af34818c76e0f88c94d624c268693c85b723b698aa9"},
    {file = "pendulum-3.0.0-cp38-cp38-macosx_10_12_x86_64.whl", hash = "sha256:6a881d9c2a7f85bc9adafcfe671df5207f51f5715ae61f5d838b77a1356e8b7b"},
    {file = "pendulum-3.0.0-cp38-cp38-macosx_11_0_arm64.whl", hash = "sha256:d7762d2076b9b1cb718a6631ad6c16c23fc3fac76cbb8c454e81e80be98daa34"},
    {file = "pendulum-3.0.0-cp38-cp38-manylinux_2_17_aarch64.manylinux2014_aarch64.whl", hash = "sha256:4e8e36a8130819d97a479a0e7bf379b66b3b1b520e5dc46bd7eb14634338df8c"},
    {file = "pendulum-3.0.0-cp38-cp38-manylinux_2_17_ppc64le.manylinux2014_ppc64le.whl", hash = "sha256:7dc843253ac373358ffc0711960e2dd5b94ab67530a3e204d85c6e8cb2c5fa10"},
    {file = "pendulum-3.0.0-cp38-cp38-manylinux_2_17_s390x.manylinux2014_s390x.whl", hash = "sha256:0a78ad3635d609ceb1e97d6aedef6a6a6f93433ddb2312888e668365908c7120"},
    {file = "pendulum-3.0.0-cp38-cp38-manylinux_2_17_x86_64.manylinux2014_x86_64.whl", hash = "sha256:b30a137e9e0d1f751e60e67d11fc67781a572db76b2296f7b4d44554761049d6"},
    {file = "pendulum-3.0.0-cp38-cp38-musllinux_1_1_aarch64.whl", hash = "sha256:c95984037987f4a457bb760455d9ca80467be792236b69d0084f228a8ada0162"},
    {file = "pendulum-3.0.0-cp38-cp38-musllinux_1_1_x86_64.whl", hash = "sha256:d29c6e578fe0f893766c0d286adbf0b3c726a4e2341eba0917ec79c50274ec16"},
    {file = "pendulum-3.0.0-cp38-none-win_amd64.whl", hash = "sha256:deaba8e16dbfcb3d7a6b5fabdd5a38b7c982809567479987b9c89572df62e027"},
    {file = "pendulum-3.0.0-cp39-cp39-macosx_10_12_x86_64.whl", hash = "sha256:b11aceea5b20b4b5382962b321dbc354af0defe35daa84e9ff3aae3c230df694"},
    {file = "pendulum-3.0.0-cp39-cp39-macosx_11_0_arm64.whl", hash = "sha256:a90d4d504e82ad236afac9adca4d6a19e4865f717034fc69bafb112c320dcc8f"},
    {file = "pendulum-3.0.0-cp39-cp39-manylinux_2_17_aarch64.manylinux2014_aarch64.whl", hash = "sha256:825799c6b66e3734227756fa746cc34b3549c48693325b8b9f823cb7d21b19ac"},
    {file = "pendulum-3.0.0-cp39-cp39-manylinux_2_17_ppc64le.manylinux2014_ppc64le.whl", hash = "sha256:ad769e98dc07972e24afe0cff8d365cb6f0ebc7e65620aa1976fcfbcadc4c6f3"},
    {file = "pendulum-3.0.0-cp39-cp39-manylinux_2_17_s390x.manylinux2014_s390x.whl", hash = "sha256:a6fc26907eb5fb8cc6188cc620bc2075a6c534d981a2f045daa5f79dfe50d512"},
    {file = "pendulum-3.0.0-cp39-cp39-manylinux_2_17_x86_64.manylinux2014_x86_64.whl", hash = "sha256:0c717eab1b6d898c00a3e0fa7781d615b5c5136bbd40abe82be100bb06df7a56"},
    {file = "pendulum-3.0.0-cp39-cp39-musllinux_1_1_aarch64.whl", hash = "sha256:3ddd1d66d1a714ce43acfe337190be055cdc221d911fc886d5a3aae28e14b76d"},
    {file = "pendulum-3.0.0-cp39-cp39-musllinux_1_1_x86_64.whl", hash = "sha256:822172853d7a9cf6da95d7b66a16c7160cb99ae6df55d44373888181d7a06edc"},
    {file = "pendulum-3.0.0-cp39-none-win_amd64.whl", hash = "sha256:840de1b49cf1ec54c225a2a6f4f0784d50bd47f68e41dc005b7f67c7d5b5f3ae"},
    {file = "pendulum-3.0.0-pp310-pypy310_pp73-macosx_10_12_x86_64.whl", hash = "sha256:3b1f74d1e6ffe5d01d6023870e2ce5c2191486928823196f8575dcc786e107b1"},
    {file = "pendulum-3.0.0-pp310-pypy310_pp73-macosx_11_0_arm64.whl", hash = "sha256:729e9f93756a2cdfa77d0fc82068346e9731c7e884097160603872686e570f07"},
    {file = "pendulum-3.0.0-pp310-pypy310_pp73-manylinux_2_17_aarch64.manylinux2014_aarch64.whl", hash = "sha256:e586acc0b450cd21cbf0db6bae386237011b75260a3adceddc4be15334689a9a"},
    {file = "pendulum-3.0.0-pp310-pypy310_pp73-manylinux_2_17_x86_64.manylinux2014_x86_64.whl", hash = "sha256:22e7944ffc1f0099a79ff468ee9630c73f8c7835cd76fdb57ef7320e6a409df4"},
    {file = "pendulum-3.0.0-pp310-pypy310_pp73-musllinux_1_1_aarch64.whl", hash = "sha256:fa30af36bd8e50686846bdace37cf6707bdd044e5cb6e1109acbad3277232e04"},
    {file = "pendulum-3.0.0-pp310-pypy310_pp73-musllinux_1_1_x86_64.whl", hash = "sha256:440215347b11914ae707981b9a57ab9c7b6983ab0babde07063c6ee75c0dc6e7"},
    {file = "pendulum-3.0.0-pp310-pypy310_pp73-win_amd64.whl", hash = "sha256:314c4038dc5e6a52991570f50edb2f08c339debdf8cea68ac355b32c4174e820"},
    {file = "pendulum-3.0.0-pp37-pypy37_pp73-macosx_10_12_x86_64.whl", hash = "sha256:5acb1d386337415f74f4d1955c4ce8d0201978c162927d07df8eb0692b2d8533"},
    {file = "pendulum-3.0.0-pp37-pypy37_pp73-manylinux_2_17_aarch64.manylinux2014_aarch64.whl", hash = "sha256:a789e12fbdefaffb7b8ac67f9d8f22ba17a3050ceaaa635cd1cc4645773a4b1e"},
    {file = "pendulum-3.0.0-pp37-pypy37_pp73-manylinux_2_17_x86_64.manylinux2014_x86_64.whl", hash = "sha256:860aa9b8a888e5913bd70d819306749e5eb488e6b99cd6c47beb701b22bdecf5"},
    {file = "pendulum-3.0.0-pp37-pypy37_pp73-musllinux_1_1_aarch64.whl", hash = "sha256:5ebc65ea033ef0281368217fbf59f5cb05b338ac4dd23d60959c7afcd79a60a0"},
    {file = "pendulum-3.0.0-pp37-pypy37_pp73-musllinux_1_1_x86_64.whl", hash = "sha256:d9fef18ab0386ef6a9ac7bad7e43ded42c83ff7ad412f950633854f90d59afa8"},
    {file = "pendulum-3.0.0-pp38-pypy38_pp73-macosx_10_12_x86_64.whl", hash = "sha256:1c134ba2f0571d0b68b83f6972e2307a55a5a849e7dac8505c715c531d2a8795"},
    {file = "pendulum-3.0.0-pp38-pypy38_pp73-macosx_11_0_arm64.whl", hash = "sha256:385680812e7e18af200bb9b4a49777418c32422d05ad5a8eb85144c4a285907b"},
    {file = "pendulum-3.0.0-pp38-pypy38_pp73-manylinux_2_17_aarch64.manylinux2014_aarch64.whl", hash = "sha256:9eec91cd87c59fb32ec49eb722f375bd58f4be790cae11c1b70fac3ee4f00da0"},
    {file = "pendulum-3.0.0-pp38-pypy38_pp73-manylinux_2_17_x86_64.manylinux2014_x86_64.whl", hash = "sha256:4386bffeca23c4b69ad50a36211f75b35a4deb6210bdca112ac3043deb7e494a"},
    {file = "pendulum-3.0.0-pp38-pypy38_pp73-musllinux_1_1_aarch64.whl", hash = "sha256:dfbcf1661d7146d7698da4b86e7f04814221081e9fe154183e34f4c5f5fa3bf8"},
    {file = "pendulum-3.0.0-pp38-pypy38_pp73-musllinux_1_1_x86_64.whl", hash = "sha256:04a1094a5aa1daa34a6b57c865b25f691848c61583fb22722a4df5699f6bf74c"},
    {file = "pendulum-3.0.0-pp38-pypy38_pp73-win_amd64.whl", hash = "sha256:5b0ec85b9045bd49dd3a3493a5e7ddfd31c36a2a60da387c419fa04abcaecb23"},
    {file = "pendulum-3.0.0-pp39-pypy39_pp73-macosx_10_12_x86_64.whl", hash = "sha256:0a15b90129765b705eb2039062a6daf4d22c4e28d1a54fa260892e8c3ae6e157"},
    {file = "pendulum-3.0.0-pp39-pypy39_pp73-macosx_11_0_arm64.whl", hash = "sha256:bb8f6d7acd67a67d6fedd361ad2958ff0539445ef51cbe8cd288db4306503cd0"},
    {file = "pendulum-3.0.0-pp39-pypy39_pp73-manylinux_2_17_aarch64.manylinux2014_aarch64.whl", hash = "sha256:fd69b15374bef7e4b4440612915315cc42e8575fcda2a3d7586a0d88192d0c88"},
    {file = "pendulum-3.0.0-pp39-pypy39_pp73-manylinux_2_17_x86_64.manylinux2014_x86_64.whl", hash = "sha256:dc00f8110db6898360c53c812872662e077eaf9c75515d53ecc65d886eec209a"},
    {file = "pendulum-3.0.0-pp39-pypy39_pp73-musllinux_1_1_aarch64.whl", hash = "sha256:83a44e8b40655d0ba565a5c3d1365d27e3e6778ae2a05b69124db9e471255c4a"},
    {file = "pendulum-3.0.0-pp39-pypy39_pp73-musllinux_1_1_x86_64.whl", hash = "sha256:1a3604e9fbc06b788041b2a8b78f75c243021e0f512447806a6d37ee5214905d"},
    {file = "pendulum-3.0.0-pp39-pypy39_pp73-win_amd64.whl", hash = "sha256:92c307ae7accebd06cbae4729f0ba9fa724df5f7d91a0964b1b972a22baa482b"},
    {file = "pendulum-3.0.0.tar.gz", hash = "sha256:5d034998dea404ec31fae27af6b22cff1708f830a1ed7353be4d1019bb9f584e"},
]

[package.dependencies]
python-dateutil = ">=2.6"
tzdata = ">=2020.1"

[package.extras]
test = ["time-machine (>=2.6.0)"]

[[package]]
name = "pycparser"
version = "2.22"
description = "C parser in Python"
optional = false
python-versions = ">=3.8"
files = [
    {file = "pycparser-2.22-py3-none-any.whl", hash = "sha256:c3702b6d3dd8c7abc1afa565d7e63d53a1d0bd86cdc24edd75470f4de499cfcc"},
    {file = "pycparser-2.22.tar.gz", hash = "sha256:491c8be9c040f5390f5bf44a5b07752bd07f56edf992381b05c701439eec10f6"},
]

[[package]]
name = "pycryptodome"
version = "3.21.0"
description = "Cryptographic library for Python"
optional = false
python-versions = "!=3.0.*,!=3.1.*,!=3.2.*,!=3.3.*,!=3.4.*,!=3.5.*,>=2.7"
files = [
    {file = "pycryptodome-3.21.0-cp27-cp27m-macosx_10_9_x86_64.whl", hash = "sha256:dad9bf36eda068e89059d1f07408e397856be9511d7113ea4b586642a429a4fd"},
    {file = "pycryptodome-3.21.0-cp27-cp27m-manylinux2010_i686.whl", hash = "sha256:a1752eca64c60852f38bb29e2c86fca30d7672c024128ef5d70cc15868fa10f4"},
    {file = "pycryptodome-3.21.0-cp27-cp27m-manylinux2010_x86_64.whl", hash = "sha256:3ba4cc304eac4d4d458f508d4955a88ba25026890e8abff9b60404f76a62c55e"},
    {file = "pycryptodome-3.21.0-cp27-cp27m-manylinux_2_17_aarch64.manylinux2014_aarch64.whl", hash = "sha256:7cb087b8612c8a1a14cf37dd754685be9a8d9869bed2ffaaceb04850a8aeef7e"},
    {file = "pycryptodome-3.21.0-cp27-cp27m-musllinux_1_1_aarch64.whl", hash = "sha256:26412b21df30b2861424a6c6d5b1d8ca8107612a4cfa4d0183e71c5d200fb34a"},
    {file = "pycryptodome-3.21.0-cp27-cp27m-win32.whl", hash = "sha256:cc2269ab4bce40b027b49663d61d816903a4bd90ad88cb99ed561aadb3888dd3"},
    {file = "pycryptodome-3.21.0-cp27-cp27m-win_amd64.whl", hash = "sha256:0fa0a05a6a697ccbf2a12cec3d6d2650b50881899b845fac6e87416f8cb7e87d"},
    {file = "pycryptodome-3.21.0-cp27-cp27mu-manylinux2010_i686.whl", hash = "sha256:6cce52e196a5f1d6797ff7946cdff2038d3b5f0aba4a43cb6bf46b575fd1b5bb"},
    {file = "pycryptodome-3.21.0-cp27-cp27mu-manylinux2010_x86_64.whl", hash = "sha256:a915597ffccabe902e7090e199a7bf7a381c5506a747d5e9d27ba55197a2c568"},
    {file = "pycryptodome-3.21.0-cp27-cp27mu-manylinux_2_17_aarch64.manylinux2014_aarch64.whl", hash = "sha256:a4e74c522d630766b03a836c15bff77cb657c5fdf098abf8b1ada2aebc7d0819"},
    {file = "pycryptodome-3.21.0-cp27-cp27mu-musllinux_1_1_aarch64.whl", hash = "sha256:a3804675283f4764a02db05f5191eb8fec2bb6ca34d466167fc78a5f05bbe6b3"},
    {file = "pycryptodome-3.21.0-cp36-abi3-macosx_10_9_universal2.whl", hash = "sha256:2480ec2c72438430da9f601ebc12c518c093c13111a5c1644c82cdfc2e50b1e4"},
    {file = "pycryptodome-3.21.0-cp36-abi3-macosx_10_9_x86_64.whl", hash = "sha256:de18954104667f565e2fbb4783b56667f30fb49c4d79b346f52a29cb198d5b6b"},
    {file = "pycryptodome-3.21.0-cp36-abi3-manylinux_2_17_aarch64.manylinux2014_aarch64.whl", hash = "sha256:2de4b7263a33947ff440412339cb72b28a5a4c769b5c1ca19e33dd6cd1dcec6e"},
    {file = "pycryptodome-3.21.0-cp36-abi3-manylinux_2_17_x86_64.manylinux2014_x86_64.whl", hash = "sha256:0714206d467fc911042d01ea3a1847c847bc10884cf674c82e12915cfe1649f8"},
    {file = "pycryptodome-3.21.0-cp36-abi3-manylinux_2_5_i686.manylinux1_i686.manylinux_2_17_i686.manylinux2014_i686.whl", hash = "sha256:7d85c1b613121ed3dbaa5a97369b3b757909531a959d229406a75b912dd51dd1"},
    {file = "pycryptodome-3.21.0-cp36-abi3-musllinux_1_1_aarch64.whl", hash = "sha256:8898a66425a57bcf15e25fc19c12490b87bd939800f39a03ea2de2aea5e3611a"},
    {file = "pycryptodome-3.21.0-cp36-abi3-musllinux_1_2_i686.whl", hash = "sha256:932c905b71a56474bff8a9c014030bc3c882cee696b448af920399f730a650c2"},
    {file = "pycryptodome-3.21.0-cp36-abi3-musllinux_1_2_x86_64.whl", hash = "sha256:18caa8cfbc676eaaf28613637a89980ad2fd96e00c564135bf90bc3f0b34dd93"},
    {file = "pycryptodome-3.21.0-cp36-abi3-win32.whl", hash = "sha256:280b67d20e33bb63171d55b1067f61fbd932e0b1ad976b3a184303a3dad22764"},
    {file = "pycryptodome-3.21.0-cp36-abi3-win_amd64.whl", hash = "sha256:b7aa25fc0baa5b1d95b7633af4f5f1838467f1815442b22487426f94e0d66c53"},
    {file = "pycryptodome-3.21.0-pp27-pypy_73-manylinux2010_x86_64.whl", hash = "sha256:2cb635b67011bc147c257e61ce864879ffe6d03342dc74b6045059dfbdedafca"},
    {file = "pycryptodome-3.21.0-pp27-pypy_73-win32.whl", hash = "sha256:4c26a2f0dc15f81ea3afa3b0c87b87e501f235d332b7f27e2225ecb80c0b1cdd"},
    {file = "pycryptodome-3.21.0-pp310-pypy310_pp73-macosx_10_15_x86_64.whl", hash = "sha256:d5ebe0763c982f069d3877832254f64974139f4f9655058452603ff559c482e8"},
    {file = "pycryptodome-3.21.0-pp310-pypy310_pp73-manylinux_2_17_x86_64.manylinux2014_x86_64.whl", hash = "sha256:7ee86cbde706be13f2dec5a42b52b1c1d1cbb90c8e405c68d0755134735c8dc6"},
    {file = "pycryptodome-3.21.0-pp310-pypy310_pp73-manylinux_2_5_i686.manylinux1_i686.manylinux_2_17_i686.manylinux2014_i686.whl", hash = "sha256:0fd54003ec3ce4e0f16c484a10bc5d8b9bd77fa662a12b85779a2d2d85d67ee0"},
    {file = "pycryptodome-3.21.0-pp310-pypy310_pp73-win_amd64.whl", hash = "sha256:5dfafca172933506773482b0e18f0cd766fd3920bd03ec85a283df90d8a17bc6"},
    {file = "pycryptodome-3.21.0-pp39-pypy39_pp73-macosx_10_15_x86_64.whl", hash = "sha256:590ef0898a4b0a15485b05210b4a1c9de8806d3ad3d47f74ab1dc07c67a6827f"},
    {file = "pycryptodome-3.21.0-pp39-pypy39_pp73-manylinux_2_17_x86_64.manylinux2014_x86_64.whl", hash = "sha256:f35e442630bc4bc2e1878482d6f59ea22e280d7121d7adeaedba58c23ab6386b"},
    {file = "pycryptodome-3.21.0-pp39-pypy39_pp73-manylinux_2_5_i686.manylinux1_i686.manylinux_2_17_i686.manylinux2014_i686.whl", hash = "sha256:ff99f952db3db2fbe98a0b355175f93ec334ba3d01bbde25ad3a5a33abc02b58"},
    {file = "pycryptodome-3.21.0-pp39-pypy39_pp73-win_amd64.whl", hash = "sha256:8acd7d34af70ee63f9a849f957558e49a98f8f1634f86a59d2be62bb8e93f71c"},
    {file = "pycryptodome-3.21.0.tar.gz", hash = "sha256:f7787e0d469bdae763b876174cf2e6c0f7be79808af26b1da96f1a64bcf47297"},
]

[[package]]
name = "pydantic"
version = "1.10.18"
description = "Data validation and settings management using python type hints"
optional = false
python-versions = ">=3.7"
files = [
    {file = "pydantic-1.10.18-cp310-cp310-macosx_10_9_x86_64.whl", hash = "sha256:e405ffcc1254d76bb0e760db101ee8916b620893e6edfbfee563b3c6f7a67c02"},
    {file = "pydantic-1.10.18-cp310-cp310-macosx_11_0_arm64.whl", hash = "sha256:e306e280ebebc65040034bff1a0a81fd86b2f4f05daac0131f29541cafd80b80"},
    {file = "pydantic-1.10.18-cp310-cp310-manylinux_2_17_x86_64.manylinux2014_x86_64.whl", hash = "sha256:11d9d9b87b50338b1b7de4ebf34fd29fdb0d219dc07ade29effc74d3d2609c62"},
    {file = "pydantic-1.10.18-cp310-cp310-manylinux_2_5_i686.manylinux1_i686.manylinux_2_17_i686.manylinux2014_i686.whl", hash = "sha256:b661ce52c7b5e5f600c0c3c5839e71918346af2ef20062705ae76b5c16914cab"},
    {file = "pydantic-1.10.18-cp310-cp310-musllinux_1_1_i686.whl", hash = "sha256:c20f682defc9ef81cd7eaa485879ab29a86a0ba58acf669a78ed868e72bb89e0"},
    {file = "pydantic-1.10.18-cp310-cp310-musllinux_1_1_x86_64.whl", hash = "sha256:c5ae6b7c8483b1e0bf59e5f1843e4fd8fd405e11df7de217ee65b98eb5462861"},
    {file = "pydantic-1.10.18-cp310-cp310-win_amd64.whl", hash = "sha256:74fe19dda960b193b0eb82c1f4d2c8e5e26918d9cda858cbf3f41dd28549cb70"},
    {file = "pydantic-1.10.18-cp311-cp311-macosx_10_9_x86_64.whl", hash = "sha256:72fa46abace0a7743cc697dbb830a41ee84c9db8456e8d77a46d79b537efd7ec"},
    {file = "pydantic-1.10.18-cp311-cp311-macosx_11_0_arm64.whl", hash = "sha256:ef0fe7ad7cbdb5f372463d42e6ed4ca9c443a52ce544472d8842a0576d830da5"},
    {file = "pydantic-1.10.18-cp311-cp311-manylinux_2_17_x86_64.manylinux2014_x86_64.whl", hash = "sha256:a00e63104346145389b8e8f500bc6a241e729feaf0559b88b8aa513dd2065481"},
    {file = "pydantic-1.10.18-cp311-cp311-manylinux_2_5_i686.manylinux1_i686.manylinux_2_17_i686.manylinux2014_i686.whl", hash = "sha256:ae6fa2008e1443c46b7b3a5eb03800121868d5ab6bc7cda20b5df3e133cde8b3"},
    {file = "pydantic-1.10.18-cp311-cp311-musllinux_1_1_i686.whl", hash = "sha256:9f463abafdc92635da4b38807f5b9972276be7c8c5121989768549fceb8d2588"},
    {file = "pydantic-1.10.18-cp311-cp311-musllinux_1_1_x86_64.whl", hash = "sha256:3445426da503c7e40baccefb2b2989a0c5ce6b163679dd75f55493b460f05a8f"},
    {file = "pydantic-1.10.18-cp311-cp311-win_amd64.whl", hash = "sha256:467a14ee2183bc9c902579bb2f04c3d3dac00eff52e252850509a562255b2a33"},
    {file = "pydantic-1.10.18-cp312-cp312-macosx_10_9_x86_64.whl", hash = "sha256:efbc8a7f9cb5fe26122acba1852d8dcd1e125e723727c59dcd244da7bdaa54f2"},
    {file = "pydantic-1.10.18-cp312-cp312-macosx_11_0_arm64.whl", hash = "sha256:24a4a159d0f7a8e26bf6463b0d3d60871d6a52eac5bb6a07a7df85c806f4c048"},
    {file = "pydantic-1.10.18-cp312-cp312-manylinux_2_17_x86_64.manylinux2014_x86_64.whl", hash = "sha256:b74be007703547dc52e3c37344d130a7bfacca7df112a9e5ceeb840a9ce195c7"},
    {file = "pydantic-1.10.18-cp312-cp312-manylinux_2_5_i686.manylinux1_i686.manylinux_2_17_i686.manylinux2014_i686.whl", hash = "sha256:fcb20d4cb355195c75000a49bb4a31d75e4295200df620f454bbc6bdf60ca890"},
    {file = "pydantic-1.10.18-cp312-cp312-musllinux_1_1_i686.whl", hash = "sha256:46f379b8cb8a3585e3f61bf9ae7d606c70d133943f339d38b76e041ec234953f"},
    {file = "pydantic-1.10.18-cp312-cp312-musllinux_1_1_x86_64.whl", hash = "sha256:cbfbca662ed3729204090c4d09ee4beeecc1a7ecba5a159a94b5a4eb24e3759a"},
    {file = "pydantic-1.10.18-cp312-cp312-win_amd64.whl", hash = "sha256:c6d0a9f9eccaf7f438671a64acf654ef0d045466e63f9f68a579e2383b63f357"},
    {file = "pydantic-1.10.18-cp37-cp37m-macosx_10_9_x86_64.whl", hash = "sha256:3d5492dbf953d7d849751917e3b2433fb26010d977aa7a0765c37425a4026ff1"},
    {file = "pydantic-1.10.18-cp37-cp37m-manylinux_2_17_x86_64.manylinux2014_x86_64.whl", hash = "sha256:fe734914977eed33033b70bfc097e1baaffb589517863955430bf2e0846ac30f"},
    {file = "pydantic-1.10.18-cp37-cp37m-manylinux_2_5_i686.manylinux1_i686.manylinux_2_17_i686.manylinux2014_i686.whl", hash = "sha256:15fdbe568beaca9aacfccd5ceadfb5f1a235087a127e8af5e48df9d8a45ae85c"},
    {file = "pydantic-1.10.18-cp37-cp37m-musllinux_1_1_i686.whl", hash = "sha256:c3e742f62198c9eb9201781fbebe64533a3bbf6a76a91b8d438d62b813079dbc"},
    {file = "pydantic-1.10.18-cp37-cp37m-musllinux_1_1_x86_64.whl", hash = "sha256:19a3bd00b9dafc2cd7250d94d5b578edf7a0bd7daf102617153ff9a8fa37871c"},
    {file = "pydantic-1.10.18-cp37-cp37m-win_amd64.whl", hash = "sha256:2ce3fcf75b2bae99aa31bd4968de0474ebe8c8258a0110903478bd83dfee4e3b"},
    {file = "pydantic-1.10.18-cp38-cp38-macosx_10_9_x86_64.whl", hash = "sha256:335a32d72c51a313b33fa3a9b0fe283503272ef6467910338e123f90925f0f03"},
    {file = "pydantic-1.10.18-cp38-cp38-macosx_11_0_arm64.whl", hash = "sha256:34a3613c7edb8c6fa578e58e9abe3c0f5e7430e0fc34a65a415a1683b9c32d9a"},
    {file = "pydantic-1.10.18-cp38-cp38-manylinux_2_17_x86_64.manylinux2014_x86_64.whl", hash = "sha256:e9ee4e6ca1d9616797fa2e9c0bfb8815912c7d67aca96f77428e316741082a1b"},
    {file = "pydantic-1.10.18-cp38-cp38-manylinux_2_5_i686.manylinux1_i686.manylinux_2_17_i686.manylinux2014_i686.whl", hash = "sha256:23e8ec1ce4e57b4f441fc91e3c12adba023fedd06868445a5b5f1d48f0ab3682"},
    {file = "pydantic-1.10.18-cp38-cp38-musllinux_1_1_i686.whl", hash = "sha256:44ae8a3e35a54d2e8fa88ed65e1b08967a9ef8c320819a969bfa09ce5528fafe"},
    {file = "pydantic-1.10.18-cp38-cp38-musllinux_1_1_x86_64.whl", hash = "sha256:d5389eb3b48a72da28c6e061a247ab224381435256eb541e175798483368fdd3"},
    {file = "pydantic-1.10.18-cp38-cp38-win_amd64.whl", hash = "sha256:069b9c9fc645474d5ea3653788b544a9e0ccd3dca3ad8c900c4c6eac844b4620"},
    {file = "pydantic-1.10.18-cp39-cp39-macosx_10_9_x86_64.whl", hash = "sha256:80b982d42515632eb51f60fa1d217dfe0729f008e81a82d1544cc392e0a50ddf"},
    {file = "pydantic-1.10.18-cp39-cp39-macosx_11_0_arm64.whl", hash = "sha256:aad8771ec8dbf9139b01b56f66386537c6fe4e76c8f7a47c10261b69ad25c2c9"},
    {file = "pydantic-1.10.18-cp39-cp39-manylinux_2_17_x86_64.manylinux2014_x86_64.whl", hash = "sha256:941a2eb0a1509bd7f31e355912eb33b698eb0051730b2eaf9e70e2e1589cae1d"},
    {file = "pydantic-1.10.18-cp39-cp39-manylinux_2_5_i686.manylinux1_i686.manylinux_2_17_i686.manylinux2014_i686.whl", hash = "sha256:65f7361a09b07915a98efd17fdec23103307a54db2000bb92095457ca758d485"},
    {file = "pydantic-1.10.18-cp39-cp39-musllinux_1_1_i686.whl", hash = "sha256:6951f3f47cb5ca4da536ab161ac0163cab31417d20c54c6de5ddcab8bc813c3f"},
    {file = "pydantic-1.10.18-cp39-cp39-musllinux_1_1_x86_64.whl", hash = "sha256:7a4c5eec138a9b52c67f664c7d51d4c7234c5ad65dd8aacd919fb47445a62c86"},
    {file = "pydantic-1.10.18-cp39-cp39-win_amd64.whl", hash = "sha256:49e26c51ca854286bffc22b69787a8d4063a62bf7d83dc21d44d2ff426108518"},
    {file = "pydantic-1.10.18-py3-none-any.whl", hash = "sha256:06a189b81ffc52746ec9c8c007f16e5167c8b0a696e1a726369327e3db7b2a82"},
    {file = "pydantic-1.10.18.tar.gz", hash = "sha256:baebdff1907d1d96a139c25136a9bb7d17e118f133a76a2ef3b845e831e3403a"},
]

[package.dependencies]
typing-extensions = ">=4.2.0"

[package.extras]
dotenv = ["python-dotenv (>=0.10.4)"]
email = ["email-validator (>=1.0.3)"]

[[package]]
name = "python-dateutil"
version = "2.9.0.post0"
description = "Extensions to the standard Python datetime module"
optional = false
python-versions = "!=3.0.*,!=3.1.*,!=3.2.*,>=2.7"
files = [
    {file = "python-dateutil-2.9.0.post0.tar.gz", hash = "sha256:37dd54208da7e1cd875388217d5e00ebd4179249f90fb72437e91a35459a0ad3"},
    {file = "python_dateutil-2.9.0.post0-py2.py3-none-any.whl", hash = "sha256:a8b2bc7bffae282281c8140a97d3aa9c14da0b136dfe83f850eea9a5f7470427"},
]

[package.dependencies]
six = ">=1.5"

[[package]]
name = "six"
version = "1.16.0"
description = "Python 2 and 3 compatibility utilities"
optional = false
python-versions = ">=2.7, !=3.0.*, !=3.1.*, !=3.2.*"
files = [
    {file = "six-1.16.0-py2.py3-none-any.whl", hash = "sha256:8abb2f1d86890a2dfb989f9a77cfcfd3e47c2a354b01111771326f8aa26e0254"},
    {file = "six-1.16.0.tar.gz", hash = "sha256:1e61c37477a1626458e36f7b1d82aa5c9b094fa4802892072e49de9c60c4c926"},
]

[[package]]
name = "typing-extensions"
version = "4.12.2"
description = "Backported and Experimental Type Hints for Python 3.8+"
optional = false
python-versions = ">=3.8"
files = [
    {file = "typing_extensions-4.12.2-py3-none-any.whl", hash = "sha256:04e5ca0351e0f3f85c6853954072df659d0d13fac324d0072316b67d7794700d"},
    {file = "typing_extensions-4.12.2.tar.gz", hash = "sha256:1a7ead55c7e559dd4dee8856e3a88b41225abfe1ce8df57b7c13915fe121ffb8"},
]

[[package]]
name = "tzdata"
version = "2024.2"
description = "Provider of IANA time zone data"
optional = false
python-versions = ">=2"
files = [
    {file = "tzdata-2024.2-py2.py3-none-any.whl", hash = "sha256:a48093786cdcde33cad18c2555e8532f34422074448fbc874186f0abd79565cd"},
    {file = "tzdata-2024.2.tar.gz", hash = "sha256:7d85cc416e9382e69095b7bdf4afd9e3880418a2413feec7069d533d6b4e31cc"},
]

[metadata]
lock-version = "2.0"
python-versions = "^3.12"
content-hash = "d3fcd49ad08bc903cd4693a674bd45498ad47e135b75b27b38d2f22509b0c04a"
